
Microsoft Visual Studio Solution File, Format Version 12.00
# Visual Studio 2013
VisualStudioVersion = 12.0.21005.1
MinimumVisualStudioVersion = 10.0.40219.1
Project("{FAE04EC0-301F-11D3-BF4B-00C04F79EFBC}") = "AngleInstructor", "AngleInstructor\AngleInstructor.csproj", "{29ACB147-7EFB-4109-B733-3DECBB2BFAD3}"
EndProject
Project("{FAE04EC0-301F-11D3-BF4B-00C04F79EFBC}") = "GeoLib", "GeoLib\GeoLib.csproj", "{263192A1-5B8D-4F2B-96AD-0FBA86C9F4F5}"
EndProject
Global
	GlobalSection(SolutionConfigurationPlatforms) = preSolution
		Debug|Any CPU = Debug|Any CPU
		Evaluation|Any CPU = Evaluation|Any CPU
		Release|Any CPU = Release|Any CPU
	EndGlobalSection
	GlobalSection(ProjectConfigurationPlatforms) = postSolution
		{29ACB147-7EFB-4109-B733-3DECBB2BFAD3}.Debug|Any CPU.ActiveCfg = Debug|Any CPU
		{29ACB147-7EFB-4109-B733-3DECBB2BFAD3}.Debug|Any CPU.Build.0 = Debug|Any CPU
		{29ACB147-7EFB-4109-B733-3DECBB2BFAD3}.Evaluation|Any CPU.ActiveCfg = Release|Any CPU
		{29ACB147-7EFB-4109-B733-3DECBB2BFAD3}.Evaluation|Any CPU.Build.0 = Release|Any CPU
		{29ACB147-7EFB-4109-B733-3DECBB2BFAD3}.Release|Any CPU.ActiveCfg = Release|Any CPU
		{29ACB147-7EFB-4109-B733-3DECBB2BFAD3}.Release|Any CPU.Build.0 = Release|Any CPU
		{263192A1-5B8D-4F2B-96AD-0FBA86C9F4F5}.Debug|Any CPU.ActiveCfg = Debug|Any CPU
		{263192A1-5B8D-4F2B-96AD-0FBA86C9F4F5}.Debug|Any CPU.Build.0 = Debug|Any CPU
		{263192A1-5B8D-4F2B-96AD-0FBA86C9F4F5}.Evaluation|Any CPU.ActiveCfg = Evaluation|Any CPU
		{263192A1-5B8D-4F2B-96AD-0FBA86C9F4F5}.Evaluation|Any CPU.Build.0 = Evaluation|Any CPU
		{263192A1-5B8D-4F2B-96AD-0FBA86C9F4F5}.Release|Any CPU.ActiveCfg = Release|Any CPU
		{263192A1-5B8D-4F2B-96AD-0FBA86C9F4F5}.Release|Any CPU.Build.0 = Release|Any CPU
	EndGlobalSection
	GlobalSection(SolutionProperties) = preSolution
		HideSolutionNode = FALSE
	EndGlobalSection
EndGlobal
